
Microsoft Visual Studio Solution File, Format Version 12.00
# Visual Studio Version 17
VisualStudioVersion = 17.5.33530.505
MinimumVisualStudioVersion = 10.0.40219.1
Project("{FAE04EC0-301F-11D3-BF4B-00C04F79EFBC}") = "ExceptionHandling", "ExceptionHandling\ExceptionHandling.csproj", "{0269F920-282F-484B-B9CB-6500BB0BC7FF}"
EndProject
Project("{FAE04EC0-301F-11D3-BF4B-00C04F79EFBC}") = "Properties", "Properties\Properties.csproj", "{D19508A4-7996-4A43-AF0B-CA709B8CCEF6}"
EndProject
Global
	GlobalSection(SolutionConfigurationPlatforms) = preSolution
		Debug|Any CPU = Debug|Any CPU
		Release|Any CPU = Release|Any CPU
	EndGlobalSection
	GlobalSection(ProjectConfigurationPlatforms) = postSolution
		{0269F920-282F-484B-B9CB-6500BB0BC7FF}.Debug|Any CPU.ActiveCfg = Debug|Any CPU
		{0269F920-282F-484B-B9CB-6500BB0BC7FF}.Debug|Any CPU.Build.0 = Debug|Any CPU
		{0269F920-282F-484B-B9CB-6500BB0BC7FF}.Release|Any CPU.ActiveCfg = Release|Any CPU
		{0269F920-282F-484B-B9CB-6500BB0BC7FF}.Release|Any CPU.Build.0 = Release|Any CPU
		{D19508A4-7996-4A43-AF0B-CA709B8CCEF6}.Debug|Any CPU.ActiveCfg = Debug|Any CPU
		{D19508A4-7996-4A43-AF0B-CA709B8CCEF6}.Debug|Any CPU.Build.0 = Debug|Any CPU
		{D19508A4-7996-4A43-AF0B-CA709B8CCEF6}.Release|Any CPU.ActiveCfg = Release|Any CPU
		{D19508A4-7996-4A43-AF0B-CA709B8CCEF6}.Release|Any CPU.Build.0 = Release|Any CPU
	EndGlobalSection
	GlobalSection(SolutionProperties) = preSolution
		HideSolutionNode = FALSE
	EndGlobalSection
	GlobalSection(ExtensibilityGlobals) = postSolution
		SolutionGuid = {D744276D-8EC5-44CB-A322-FD55295E497F}
	EndGlobalSection
EndGlobal
