
Microsoft Visual Studio Solution File, Format Version 12.00
# Visual Studio Version 17
VisualStudioVersion = 17.5.33530.505
MinimumVisualStudioVersion = 10.0.40219.1
Project("{FAE04EC0-301F-11D3-BF4B-00C04F79EFBC}") = "Multithreading_2", "Multithreading_2\Multithreading_2.csproj", "{2071B285-EB48-4D2B-8376-D2384AAEAA9E}"
EndProject
Project("{FAE04EC0-301F-11D3-BF4B-00C04F79EFBC}") = "Multithreading_1", "Multithreading_1\Multithreading_1.csproj", "{A54A716E-F45F-46CA-AC92-88839FF47FEA}"
EndProject
Project("{FAE04EC0-301F-11D3-BF4B-00C04F79EFBC}") = "Properties_1", "Properties_1\Properties_1.csproj", "{30BF1F7F-A20C-406A-9B97-1F3E562FBE82}"
EndProject
Project("{FAE04EC0-301F-11D3-BF4B-00C04F79EFBC}") = "ExceptionHandling_1", "ExceptionHandling_1\ExceptionHandling_1.csproj", "{5B3C4808-5EC5-471B-B399-D5ED5EA3F2D8}"
EndProject
Project("{FAE04EC0-301F-11D3-BF4B-00C04F79EFBC}") = "Properties_2", "Properties_2\Properties_2.csproj", "{EA7084ED-3E21-4622-8D88-2A9C3428231A}"
EndProject
Project("{FAE04EC0-301F-11D3-BF4B-00C04F79EFBC}") = "Indexers_1", "Indexers_1\Indexers_1.csproj", "{5D95343D-B472-436F-B0D9-30ED4DF97481}"
EndProject
Project("{FAE04EC0-301F-11D3-BF4B-00C04F79EFBC}") = "Events_1", "Events_1\Events_1.csproj", "{19F190C9-71B1-4B1C-8E60-E375225C583E}"
EndProject
Project("{FAE04EC0-301F-11D3-BF4B-00C04F79EFBC}") = "Delegates_1", "Delegates_1\Delegates_1.csproj", "{3EFAACA3-AA44-4D7C-81B1-772F525B970D}"
EndProject
Project("{FAE04EC0-301F-11D3-BF4B-00C04F79EFBC}") = "Delegates_2", "Delegates_2\Delegates_2.csproj", "{A2CFC9FC-472C-4740-A038-2176FDF1A261}"
EndProject
Project("{FAE04EC0-301F-11D3-BF4B-00C04F79EFBC}") = "Polymorphism_1", "Polymorphism_1\Polymorphism_1.csproj", "{8ED0413F-E2BB-45E2-9CB8-42A46FDD2BE2}"
EndProject
Project("{FAE04EC0-301F-11D3-BF4B-00C04F79EFBC}") = "Polymorphism_2", "Polymorphism_2\Polymorphism_2.csproj", "{CE8513E3-11CE-4443-AF79-2373585EDF8D}"
EndProject
Project("{FAE04EC0-301F-11D3-BF4B-00C04F79EFBC}") = "Polymorphism_3", "Polymorphism_3\Polymorphism_3.csproj", "{30BEB750-652C-43CD-859D-62A36A9AFCC7}"
EndProject
Project("{FAE04EC0-301F-11D3-BF4B-00C04F79EFBC}") = "Polymorphism_4", "Polymorphism_4\Polymorphism_4.csproj", "{EC84666D-5F2B-44AD-B05D-EB45346B4DF9}"
EndProject
Global
	GlobalSection(SolutionConfigurationPlatforms) = preSolution
		Debug|Any CPU = Debug|Any CPU
		Release|Any CPU = Release|Any CPU
	EndGlobalSection
	GlobalSection(ProjectConfigurationPlatforms) = postSolution
		{2071B285-EB48-4D2B-8376-D2384AAEAA9E}.Debug|Any CPU.ActiveCfg = Debug|Any CPU
		{2071B285-EB48-4D2B-8376-D2384AAEAA9E}.Debug|Any CPU.Build.0 = Debug|Any CPU
		{2071B285-EB48-4D2B-8376-D2384AAEAA9E}.Release|Any CPU.ActiveCfg = Release|Any CPU
		{2071B285-EB48-4D2B-8376-D2384AAEAA9E}.Release|Any CPU.Build.0 = Release|Any CPU
		{A54A716E-F45F-46CA-AC92-88839FF47FEA}.Debug|Any CPU.ActiveCfg = Debug|Any CPU
		{A54A716E-F45F-46CA-AC92-88839FF47FEA}.Debug|Any CPU.Build.0 = Debug|Any CPU
		{A54A716E-F45F-46CA-AC92-88839FF47FEA}.Release|Any CPU.ActiveCfg = Release|Any CPU
		{A54A716E-F45F-46CA-AC92-88839FF47FEA}.Release|Any CPU.Build.0 = Release|Any CPU
		{30BF1F7F-A20C-406A-9B97-1F3E562FBE82}.Debug|Any CPU.ActiveCfg = Debug|Any CPU
		{30BF1F7F-A20C-406A-9B97-1F3E562FBE82}.Debug|Any CPU.Build.0 = Debug|Any CPU
		{30BF1F7F-A20C-406A-9B97-1F3E562FBE82}.Release|Any CPU.ActiveCfg = Release|Any CPU
		{30BF1F7F-A20C-406A-9B97-1F3E562FBE82}.Release|Any CPU.Build.0 = Release|Any CPU
		{5B3C4808-5EC5-471B-B399-D5ED5EA3F2D8}.Debug|Any CPU.ActiveCfg = Debug|Any CPU
		{5B3C4808-5EC5-471B-B399-D5ED5EA3F2D8}.Debug|Any CPU.Build.0 = Debug|Any CPU
		{5B3C4808-5EC5-471B-B399-D5ED5EA3F2D8}.Release|Any CPU.ActiveCfg = Release|Any CPU
		{5B3C4808-5EC5-471B-B399-D5ED5EA3F2D8}.Release|Any CPU.Build.0 = Release|Any CPU
		{EA7084ED-3E21-4622-8D88-2A9C3428231A}.Debug|Any CPU.ActiveCfg = Debug|Any CPU
		{EA7084ED-3E21-4622-8D88-2A9C3428231A}.Debug|Any CPU.Build.0 = Debug|Any CPU
		{EA7084ED-3E21-4622-8D88-2A9C3428231A}.Release|Any CPU.ActiveCfg = Release|Any CPU
		{EA7084ED-3E21-4622-8D88-2A9C3428231A}.Release|Any CPU.Build.0 = Release|Any CPU
		{5D95343D-B472-436F-B0D9-30ED4DF97481}.Debug|Any CPU.ActiveCfg = Debug|Any CPU
		{5D95343D-B472-436F-B0D9-30ED4DF97481}.Debug|Any CPU.Build.0 = Debug|Any CPU
		{5D95343D-B472-436F-B0D9-30ED4DF97481}.Release|Any CPU.ActiveCfg = Release|Any CPU
		{5D95343D-B472-436F-B0D9-30ED4DF97481}.Release|Any CPU.Build.0 = Release|Any CPU
		{19F190C9-71B1-4B1C-8E60-E375225C583E}.Debug|Any CPU.ActiveCfg = Debug|Any CPU
		{19F190C9-71B1-4B1C-8E60-E375225C583E}.Debug|Any CPU.Build.0 = Debug|Any CPU
		{19F190C9-71B1-4B1C-8E60-E375225C583E}.Release|Any CPU.ActiveCfg = Release|Any CPU
		{19F190C9-71B1-4B1C-8E60-E375225C583E}.Release|Any CPU.Build.0 = Release|Any CPU
		{3EFAACA3-AA44-4D7C-81B1-772F525B970D}.Debug|Any CPU.ActiveCfg = Debug|Any CPU
		{3EFAACA3-AA44-4D7C-81B1-772F525B970D}.Debug|Any CPU.Build.0 = Debug|Any CPU
		{3EFAACA3-AA44-4D7C-81B1-772F525B970D}.Release|Any CPU.ActiveCfg = Release|Any CPU
		{3EFAACA3-AA44-4D7C-81B1-772F525B970D}.Release|Any CPU.Build.0 = Release|Any CPU
		{A2CFC9FC-472C-4740-A038-2176FDF1A261}.Debug|Any CPU.ActiveCfg = Debug|Any CPU
		{A2CFC9FC-472C-4740-A038-2176FDF1A261}.Debug|Any CPU.Build.0 = Debug|Any CPU
		{A2CFC9FC-472C-4740-A038-2176FDF1A261}.Release|Any CPU.ActiveCfg = Release|Any CPU
		{A2CFC9FC-472C-4740-A038-2176FDF1A261}.Release|Any CPU.Build.0 = Release|Any CPU
		{8ED0413F-E2BB-45E2-9CB8-42A46FDD2BE2}.Debug|Any CPU.ActiveCfg = Debug|Any CPU
		{8ED0413F-E2BB-45E2-9CB8-42A46FDD2BE2}.Debug|Any CPU.Build.0 = Debug|Any CPU
		{8ED0413F-E2BB-45E2-9CB8-42A46FDD2BE2}.Release|Any CPU.ActiveCfg = Release|Any CPU
		{8ED0413F-E2BB-45E2-9CB8-42A46FDD2BE2}.Release|Any CPU.Build.0 = Release|Any CPU
		{CE8513E3-11CE-4443-AF79-2373585EDF8D}.Debug|Any CPU.ActiveCfg = Debug|Any CPU
		{CE8513E3-11CE-4443-AF79-2373585EDF8D}.Debug|Any CPU.Build.0 = Debug|Any CPU
		{CE8513E3-11CE-4443-AF79-2373585EDF8D}.Release|Any CPU.ActiveCfg = Release|Any CPU
		{CE8513E3-11CE-4443-AF79-2373585EDF8D}.Release|Any CPU.Build.0 = Release|Any CPU
		{30BEB750-652C-43CD-859D-62A36A9AFCC7}.Debug|Any CPU.ActiveCfg = Debug|Any CPU
		{30BEB750-652C-43CD-859D-62A36A9AFCC7}.Debug|Any CPU.Build.0 = Debug|Any CPU
		{30BEB750-652C-43CD-859D-62A36A9AFCC7}.Release|Any CPU.ActiveCfg = Release|Any CPU
		{30BEB750-652C-43CD-859D-62A36A9AFCC7}.Release|Any CPU.Build.0 = Release|Any CPU
		{EC84666D-5F2B-44AD-B05D-EB45346B4DF9}.Debug|Any CPU.ActiveCfg = Debug|Any CPU
		{EC84666D-5F2B-44AD-B05D-EB45346B4DF9}.Debug|Any CPU.Build.0 = Debug|Any CPU
		{EC84666D-5F2B-44AD-B05D-EB45346B4DF9}.Release|Any CPU.ActiveCfg = Release|Any CPU
		{EC84666D-5F2B-44AD-B05D-EB45346B4DF9}.Release|Any CPU.Build.0 = Release|Any CPU
	EndGlobalSection
	GlobalSection(SolutionProperties) = preSolution
		HideSolutionNode = FALSE
	EndGlobalSection
	GlobalSection(ExtensibilityGlobals) = postSolution
		SolutionGuid = {D744276D-8EC5-44CB-A322-FD55295E497F}
	EndGlobalSection
EndGlobal
